<?xml version="1.0" encoding="utf-8"?>
<Project ToolsVersion="4.0" xmlns="http://schemas.microsoft.com/developer/msbuild/2003">
  <ItemGroup>
    <Filter Include="Utils">
      <UniqueIdentifier>{3f71e5d2-fc52-4d58-b299-175832dc7d55}</UniqueIdentifier>
    </Filter>
    <Filter Include="Engine">
      <UniqueIdentifier>{4df05f10-1fab-4220-9418-30925e1c43b8}</UniqueIdentifier>
    </Filter>
    <Filter Include="Shader">
      <UniqueIdentifier>{30e7abf0-1958-4301-89aa-64bf4600720b}</UniqueIdentifier>
    </Filter>
    <Filter Include="Manager">
      <UniqueIdentifier>{93505bc7-f8b6-4194-b420-8fa92048bcf5}</UniqueIdentifier>
    </Filter>
    <Filter Include="Object">
      <UniqueIdentifier>{3723c59c-2cc4-43e5-a87a-f260fbbc36e4}</UniqueIdentifier>
    </Filter>
    <Filter Include="Object\Component">
      <UniqueIdentifier>{f1b8e969-e530-499c-900f-1a2b6e8fd5a3}</UniqueIdentifier>
    </Filter>
    <Filter Include="Object\Resource">
      <UniqueIdentifier>{3fcc2ea7-82fb-4b00-89c1-ab1b5df33d78}</UniqueIdentifier>
    </Filter>
    <Filter Include="Manager\Scene">
      <UniqueIdentifier>{10c58711-6755-449e-ba48-e7a8b009efc5}</UniqueIdentifier>
    </Filter>
    <Filter Include="Manager\Input">
      <UniqueIdentifier>{0a486564-16ad-474b-bb89-5fdddb6c4b6a}</UniqueIdentifier>
    </Filter>
    <Filter Include="Object\Script">
      <UniqueIdentifier>{4a6f92b1-07ad-40b2-a955-034b91426849}</UniqueIdentifier>
    </Filter>
  </ItemGroup>
  <ItemGroup>
    <ClInclude Include="pch.h">
      <Filter>Utils</Filter>
    </ClInclude>
    <ClInclude Include="EnginePch.h">
      <Filter>Utils</Filter>
    </ClInclude>
    <ClInclude Include="d3dx12.h">
      <Filter>Utils</Filter>
    </ClInclude>
    <ClInclude Include="Engine.h">
      <Filter>Engine</Filter>
    </ClInclude>
    <ClInclude Include="CommandQueue.h">
      <Filter>Engine</Filter>
    </ClInclude>
    <ClInclude Include="Device.h">
      <Filter>Engine</Filter>
    </ClInclude>
    <ClInclude Include="SwapChain.h">
      <Filter>Engine</Filter>
    </ClInclude>
    <ClInclude Include="RootSignature.h">
      <Filter>Engine</Filter>
    </ClInclude>
    <ClInclude Include="ConstantBuffer.h">
      <Filter>Engine</Filter>
    </ClInclude>
    <ClInclude Include="TableDescriptorHeap.h">
      <Filter>Engine</Filter>
    </ClInclude>
    <ClInclude Include="Material.h">
      <Filter>Object\Resource</Filter>
    </ClInclude>
    <ClInclude Include="Mesh.h">
      <Filter>Object\Resource</Filter>
    </ClInclude>
    <ClInclude Include="Shader.h">
      <Filter>Object\Resource</Filter>
    </ClInclude>
    <ClInclude Include="Texture.h">
      <Filter>Object\Resource</Filter>
    </ClInclude>
    <ClInclude Include="Timer.h">
      <Filter>Manager</Filter>
    </ClInclude>
    <ClInclude Include="SimpleMath.h">
      <Filter>Utils</Filter>
    </ClInclude>
    <ClInclude Include="Resources.h">
      <Filter>Manager</Filter>
    </ClInclude>
    <ClInclude Include="Object.h">
      <Filter>Object</Filter>
    </ClInclude>
    <ClInclude Include="Transform.h">
      <Filter>Object\Component</Filter>
    </ClInclude>
    <ClInclude Include="MonoBehaviour.h">
      <Filter>Object\Component</Filter>
    </ClInclude>
    <ClInclude Include="MeshRenderer.h">
      <Filter>Object\Component</Filter>
    </ClInclude>
    <ClInclude Include="Component.h">
      <Filter>Object\Component</Filter>
    </ClInclude>
    <ClInclude Include="Camera.h">
      <Filter>Object\Component</Filter>
    </ClInclude>
    <ClInclude Include="GameObject.h">
      <Filter>Object</Filter>
    </ClInclude>
    <ClInclude Include="Light.h">
      <Filter>Object\Component</Filter>
    </ClInclude>
    <ClInclude Include="Frustum.h">
      <Filter>Object\Component</Filter>
    </ClInclude>
    <ClInclude Include="RenderTargetGroup.h">
      <Filter>Engine</Filter>
    </ClInclude>
    <ClInclude Include="SceneManager.h">
      <Filter>Manager\Scene</Filter>
    </ClInclude>
    <ClInclude Include="Scene.h">
      <Filter>Manager\Scene</Filter>
    </ClInclude>
    <ClInclude Include="BattleScene.h">
      <Filter>Manager\Scene</Filter>
    </ClInclude>
    <ClInclude Include="LobbyScene.h">
      <Filter>Manager\Scene</Filter>
    </ClInclude>
    <ClInclude Include="Player.h">
      <Filter>Object\Component</Filter>
    </ClInclude>
    <ClInclude Include="MouseInput.h">
      <Filter>Manager\Input</Filter>
    </ClInclude>
    <ClInclude Include="KeyInput.h">
      <Filter>Manager\Input</Filter>
    </ClInclude>
    <ClInclude Include="TestCameraScript.h">
      <Filter>Object\Script</Filter>
    </ClInclude>
    <ClInclude Include="PlayerCameraScript.h">
      <Filter>Object\Script</Filter>
    </ClInclude>
    <ClInclude Include="PlayerScript.h">
      <Filter>Object\Script</Filter>
    </ClInclude>
    <ClInclude Include="StructuredBuffer.h">
      <Filter>Engine</Filter>
    </ClInclude>
    <ClInclude Include="ParticleSystem.h">
      <Filter>Object\Component</Filter>
    </ClInclude>
  </ItemGroup>
  <ItemGroup>
    <ClCompile Include="pch.cpp">
      <Filter>Utils</Filter>
    </ClCompile>
    <ClCompile Include="EnginePch.cpp">
      <Filter>Utils</Filter>
    </ClCompile>
    <ClCompile Include="Engine.cpp">
      <Filter>Engine</Filter>
    </ClCompile>
    <ClCompile Include="CommandQueue.cpp">
      <Filter>Engine</Filter>
    </ClCompile>
    <ClCompile Include="Device.cpp">
      <Filter>Engine</Filter>
    </ClCompile>
    <ClCompile Include="SwapChain.cpp">
      <Filter>Engine</Filter>
    </ClCompile>
    <ClCompile Include="RootSignature.cpp">
      <Filter>Engine</Filter>
    </ClCompile>
    <ClCompile Include="ConstantBuffer.cpp">
      <Filter>Engine</Filter>
    </ClCompile>
    <ClCompile Include="TableDescriptorHeap.cpp">
      <Filter>Engine</Filter>
    </ClCompile>
    <ClCompile Include="Material.cpp">
      <Filter>Object\Resource</Filter>
    </ClCompile>
    <ClCompile Include="Mesh.cpp">
      <Filter>Object\Resource</Filter>
    </ClCompile>
    <ClCompile Include="Shader.cpp">
      <Filter>Object\Resource</Filter>
    </ClCompile>
    <ClCompile Include="Texture.cpp">
      <Filter>Object\Resource</Filter>
    </ClCompile>
    <ClCompile Include="Timer.cpp">
      <Filter>Manager</Filter>
    </ClCompile>
    <ClCompile Include="SimpleMath.cpp">
      <Filter>Utils</Filter>
    </ClCompile>
    <ClCompile Include="Resources.cpp">
      <Filter>Manager</Filter>
    </ClCompile>
    <ClCompile Include="Object.cpp">
      <Filter>Object</Filter>
    </ClCompile>
    <ClCompile Include="Transform.cpp">
      <Filter>Object\Component</Filter>
    </ClCompile>
    <ClCompile Include="MonoBehaviour.cpp">
      <Filter>Object\Component</Filter>
    </ClCompile>
    <ClCompile Include="MeshRenderer.cpp">
      <Filter>Object\Component</Filter>
    </ClCompile>
    <ClCompile Include="Component.cpp">
      <Filter>Object\Component</Filter>
    </ClCompile>
    <ClCompile Include="Camera.cpp">
      <Filter>Object\Component</Filter>
    </ClCompile>
    <ClCompile Include="GameObject.cpp">
      <Filter>Object</Filter>
    </ClCompile>
    <ClCompile Include="Light.cpp">
      <Filter>Object\Component</Filter>
    </ClCompile>
    <ClCompile Include="Frustum.cpp">
      <Filter>Object\Component</Filter>
    </ClCompile>
    <ClCompile Include="RenderTargetGroup.cpp">
      <Filter>Engine</Filter>
    </ClCompile>
    <ClCompile Include="SceneManager.cpp">
      <Filter>Manager\Scene</Filter>
    </ClCompile>
    <ClCompile Include="Scene.cpp">
      <Filter>Manager\Scene</Filter>
    </ClCompile>
    <ClCompile Include="BattleScene.cpp">
      <Filter>Manager\Scene</Filter>
    </ClCompile>
    <ClCompile Include="LobbyScene.cpp">
      <Filter>Manager\Scene</Filter>
    </ClCompile>
    <ClCompile Include="Player.cpp">
      <Filter>Object\Component</Filter>
    </ClCompile>
    <ClCompile Include="MouseInput.cpp">
      <Filter>Manager\Input</Filter>
    </ClCompile>
    <ClCompile Include="KeyInput.cpp">
      <Filter>Manager\Input</Filter>
    </ClCompile>
    <ClCompile Include="TestCameraScript.cpp">
      <Filter>Object\Script</Filter>
    </ClCompile>
    <ClCompile Include="PlayerCameraScript.cpp">
      <Filter>Object\Script</Filter>
    </ClCompile>
    <ClCompile Include="PlayerScript.cpp">
      <Filter>Object\Script</Filter>
    </ClCompile>
    <ClCompile Include="ParticleSystem.cpp">
      <Filter>Object\Component</Filter>
    </ClCompile>
    <ClCompile Include="StructuredBuffer.cpp">
      <Filter>Engine</Filter>
    </ClCompile>
  </ItemGroup>
  <ItemGroup>
    <None Include="SimpleMath.inl">
      <Filter>Utils</Filter>
    </None>
  </ItemGroup>
  <ItemGroup>
    <FxCompile Include="..\Resources\Shader\utils.fx">
      <Filter>Shader</Filter>
    </FxCompile>
    <FxCompile Include="..\Resources\Shader\forward.fx">
      <Filter>Shader</Filter>
    </FxCompile>
    <FxCompile Include="..\Resources\Shader\params.fx">
      <Filter>Shader</Filter>
    </FxCompile>
    <FxCompile Include="..\Resources\Shader\skybox.fx">
      <Filter>Shader</Filter>
    </FxCompile>
    <FxCompile Include="..\Resources\Shader\deferred.fx">
      <Filter>Shader</Filter>
    </FxCompile>
    <FxCompile Include="..\Resources\Shader\lighting.fx">
      <Filter>Shader</Filter>
    </FxCompile>
    <FxCompile Include="..\Resources\Shader\shadow.fx">
      <Filter>Shader</Filter>
    </FxCompile>
    <FxCompile Include="..\Resources\Shader\particle.fx">
      <Filter>Shader</Filter>
    </FxCompile>
    <FxCompile Include="..\Resources\Shader\compute.fx">
      <Filter>Shader</Filter>
    </FxCompile>
  </ItemGroup>
</Project>